
Microsoft Visual Studio Solution File, Format Version 12.00
# Visual Studio 15
VisualStudioVersion = 15.0.28307.779
MinimumVisualStudioVersion = 10.0.40219.1
Project("{FAE04EC0-301F-11D3-BF4B-00C04F79EFBC}") = "HomesteadGardening.Android", "HomesteadGardening\HomesteadGardening.Android\HomesteadGardening.Android.csproj", "{2B52FD1C-B075-44F8-802D-EE6E46431C65}"
EndProject
Project("{FAE04EC0-301F-11D3-BF4B-00C04F79EFBC}") = "HomesteadGardening", "HomesteadGardening\HomesteadGardening\HomesteadGardening.csproj", "{6EFAB350-E0FF-4303-AF3E-A0CD512B68A7}"
EndProject
Global
	GlobalSection(SolutionConfigurationPlatforms) = preSolution
		Debug|Any CPU = Debug|Any CPU
		Release|Any CPU = Release|Any CPU
	EndGlobalSection
	GlobalSection(ProjectConfigurationPlatforms) = postSolution
		{2B52FD1C-B075-44F8-802D-EE6E46431C65}.Debug|Any CPU.ActiveCfg = Debug|Any CPU
		{2B52FD1C-B075-44F8-802D-EE6E46431C65}.Debug|Any CPU.Build.0 = Debug|Any CPU
		{2B52FD1C-B075-44F8-802D-EE6E46431C65}.Debug|Any CPU.Deploy.0 = Debug|Any CPU
		{2B52FD1C-B075-44F8-802D-EE6E46431C65}.Release|Any CPU.ActiveCfg = Release|Any CPU
		{2B52FD1C-B075-44F8-802D-EE6E46431C65}.Release|Any CPU.Build.0 = Release|Any CPU
		{2B52FD1C-B075-44F8-802D-EE6E46431C65}.Release|Any CPU.Deploy.0 = Release|Any CPU
		{6EFAB350-E0FF-4303-AF3E-A0CD512B68A7}.Debug|Any CPU.ActiveCfg = Debug|Any CPU
		{6EFAB350-E0FF-4303-AF3E-A0CD512B68A7}.Debug|Any CPU.Build.0 = Debug|Any CPU
		{6EFAB350-E0FF-4303-AF3E-A0CD512B68A7}.Debug|Any CPU.Deploy.0 = Debug|Any CPU
		{6EFAB350-E0FF-4303-AF3E-A0CD512B68A7}.Release|Any CPU.ActiveCfg = Release|Any CPU
		{6EFAB350-E0FF-4303-AF3E-A0CD512B68A7}.Release|Any CPU.Build.0 = Release|Any CPU
		{6EFAB350-E0FF-4303-AF3E-A0CD512B68A7}.Release|Any CPU.Deploy.0 = Release|Any CPU
	EndGlobalSection
	GlobalSection(SolutionProperties) = preSolution
		HideSolutionNode = FALSE
	EndGlobalSection
	GlobalSection(ExtensibilityGlobals) = postSolution
		SolutionGuid = {674459CF-215C-42EE-96F6-FDDE617D5377}
	EndGlobalSection
EndGlobal
